# THIS IS AN AUTOGENERATED FILE. DO NOT EDIT THIS FILE DIRECTLY.
# yarn lockfile v1


babel-plugin-transform-remove-console@^6.9.4:
  version "6.9.4"
  resolved "https://registry.yarnpkg.com/babel-plugin-transform-remove-console/-/babel-plugin-transform-remove-console-6.9.4.tgz#b980360c067384e24b357a588d807d3c83527780"
  integrity sha1-uYA2DAZzhOJLNXpYjYB9PINSd4A=
